
Microsoft Visual Studio Solution File, Format Version 12.00
# Visual Studio 15
VisualStudioVersion = 15.0.28010.2036
MinimumVisualStudioVersion = 10.0.40219.1
Project("{159641D6-6404-4A2A-AE62-294DE0FE8301}") = "DWMProj", "DWMProj\DWMProj.dtproj", "{D02F7BB5-8001-446A-A78D-BE566F477C5A}"
EndProject
Global
	GlobalSection(SolutionConfigurationPlatforms) = preSolution
		Development|Default = Development|Default
	EndGlobalSection
	GlobalSection(ProjectConfigurationPlatforms) = postSolution
		{D02F7BB5-8001-446A-A78D-BE566F477C5A}.Development|Default.ActiveCfg = Development
		{D02F7BB5-8001-446A-A78D-BE566F477C5A}.Development|Default.Build.0 = Development
	EndGlobalSection
	GlobalSection(SolutionProperties) = preSolution
		HideSolutionNode = FALSE
	EndGlobalSection
	GlobalSection(ExtensibilityGlobals) = postSolution
		SolutionGuid = {7898B305-7D08-45AE-B962-7D1E9EF0EADB}
	EndGlobalSection
EndGlobal
